
Microsoft Visual Studio Solution File, Format Version 12.00
# Visual Studio Version 17
VisualStudioVersion = 17.2.32505.173
MinimumVisualStudioVersion = 10.0.40219.1
Project("{FAE04EC0-301F-11D3-BF4B-00C04F79EFBC}") = "macchina_caffè", "macchina_caffè\macchina_caffè.csproj", "{AD76D114-AFC2-430C-BB41-060A261FA086}"
EndProject
Global
	GlobalSection(SolutionConfigurationPlatforms) = preSolution
		Debug|Any CPU = Debug|Any CPU
		Release|Any CPU = Release|Any CPU
	EndGlobalSection
	GlobalSection(ProjectConfigurationPlatforms) = postSolution
		{AD76D114-AFC2-430C-BB41-060A261FA086}.Debug|Any CPU.ActiveCfg = Debug|Any CPU
		{AD76D114-AFC2-430C-BB41-060A261FA086}.Debug|Any CPU.Build.0 = Debug|Any CPU
		{AD76D114-AFC2-430C-BB41-060A261FA086}.Release|Any CPU.ActiveCfg = Release|Any CPU
		{AD76D114-AFC2-430C-BB41-060A261FA086}.Release|Any CPU.Build.0 = Release|Any CPU
	EndGlobalSection
	GlobalSection(SolutionProperties) = preSolution
		HideSolutionNode = FALSE
	EndGlobalSection
	GlobalSection(ExtensibilityGlobals) = postSolution
		SolutionGuid = {CF241E0A-84D2-4583-A640-08D61FE61757}
	EndGlobalSection
EndGlobal
